
Microsoft Visual Studio Solution File, Format Version 12.00
# Visual Studio Version 16
VisualStudioVersion = 16.0.30611.23
MinimumVisualStudioVersion = 10.0.40219.1
Project("{FAE04EC0-301F-11D3-BF4B-00C04F79EFBC}") = "ShoppingApp", "ShoppingApp\ShoppingApp.csproj", "{0CCDD7D0-6453-4EB4-B08E-36E782F6C894}"
EndProject
Global
	GlobalSection(SolutionConfigurationPlatforms) = preSolution
		Debug|Any CPU = Debug|Any CPU
		Release|Any CPU = Release|Any CPU
	EndGlobalSection
	GlobalSection(ProjectConfigurationPlatforms) = postSolution
		{0CCDD7D0-6453-4EB4-B08E-36E782F6C894}.Debug|Any CPU.ActiveCfg = Debug|Any CPU
		{0CCDD7D0-6453-4EB4-B08E-36E782F6C894}.Debug|Any CPU.Build.0 = Debug|Any CPU
		{0CCDD7D0-6453-4EB4-B08E-36E782F6C894}.Release|Any CPU.ActiveCfg = Release|Any CPU
		{0CCDD7D0-6453-4EB4-B08E-36E782F6C894}.Release|Any CPU.Build.0 = Release|Any CPU
	EndGlobalSection
	GlobalSection(SolutionProperties) = preSolution
		HideSolutionNode = FALSE
	EndGlobalSection
	GlobalSection(ExtensibilityGlobals) = postSolution
		SolutionGuid = {C1FC4E55-C249-47FC-888B-146CBEE1EBA6}
	EndGlobalSection
EndGlobal
